
Microsoft Visual Studio Solution File, Format Version 12.00
# Visual Studio Version 17
VisualStudioVersion = 17.1.32421.90
MinimumVisualStudioVersion = 10.0.40219.1
Project("{9A19103F-16F7-4668-BE54-9A1E7A4F7556}") = "Arcus.WebApi.Logging", "Arcus.WebApi.Logging\Arcus.WebApi.Logging.csproj", "{1112242E-FD86-4531-90A3-94B37D0131DA}"
EndProject
Project("{9A19103F-16F7-4668-BE54-9A1E7A4F7556}") = "Arcus.WebApi.Security", "Arcus.WebApi.Security\Arcus.WebApi.Security.csproj", "{47F66FBF-F260-4B18-B05F-1512B27564A6}"
EndProject
Project("{2150E333-8FDC-42A3-9474-1A3956D46DE8}") = "Tests", "Tests", "{A7297998-6B45-4F85-AE6A-04C13F61F8B3}"
EndProject
Project("{9A19103F-16F7-4668-BE54-9A1E7A4F7556}") = "Arcus.WebApi.Tests.Unit", "Arcus.WebApi.Tests.Unit\Arcus.WebApi.Tests.Unit.csproj", "{94679133-8D37-4168-8F40-E173D6354918}"
EndProject
Project("{9A19103F-16F7-4668-BE54-9A1E7A4F7556}") = "Arcus.WebApi.OpenApi.Extensions", "Arcus.WebApi.OpenApi.Extensions\Arcus.WebApi.OpenApi.Extensions.csproj", "{BC9FF9BC-330B-4736-BAF9-8A2EBB64F8EA}"
EndProject
Project("{9A19103F-16F7-4668-BE54-9A1E7A4F7556}") = "Arcus.WebApi.Tests.Integration", "Arcus.WebApi.Tests.Integration\Arcus.WebApi.Tests.Integration.csproj", "{257F0347-4F29-4386-B2A2-DEBF947C6E41}"
EndProject
Project("{9A19103F-16F7-4668-BE54-9A1E7A4F7556}") = "Arcus.WebApi.Logging.Core", "Arcus.WebApi.Logging.Core\Arcus.WebApi.Logging.Core.csproj", "{7B90253D-DF08-46DF-9385-81E5A452A94C}"
EndProject
Project("{9A19103F-16F7-4668-BE54-9A1E7A4F7556}") = "Arcus.WebApi.Logging.AzureFunctions", "Arcus.WebApi.Logging.AzureFunctions\Arcus.WebApi.Logging.AzureFunctions.csproj", "{2C967F9C-7882-4C6A-A62A-9E74775C304B}"
EndProject
Project("{9A19103F-16F7-4668-BE54-9A1E7A4F7556}") = "Arcus.WebApi.Tests.Runtimes.AzureFunction", "Arcus.WebApi.Tests.Runtimes.AzureFunction\Arcus.WebApi.Tests.Runtimes.AzureFunction.csproj", "{4F89D835-E4C0-409F-A54B-3551E0D99D82}"
EndProject
Project("{9A19103F-16F7-4668-BE54-9A1E7A4F7556}") = "Arcus.WebApi.Tests.Core", "Arcus.WebApi.Tests.Core\Arcus.WebApi.Tests.Core.csproj", "{1681A643-EE1A-4F8E-96C1-17ABEF475C77}"
EndProject
Project("{9A19103F-16F7-4668-BE54-9A1E7A4F7556}") = "Arcus.WebApi.Hosting", "Arcus.WebApi.Hosting\Arcus.WebApi.Hosting.csproj", "{EBF29771-0205-48BD-9F2A-7789080377B0}"
EndProject
Global
	GlobalSection(SolutionConfigurationPlatforms) = preSolution
		Debug|Any CPU = Debug|Any CPU
		Release|Any CPU = Release|Any CPU
	EndGlobalSection
	GlobalSection(ProjectConfigurationPlatforms) = postSolution
		{1112242E-FD86-4531-90A3-94B37D0131DA}.Debug|Any CPU.ActiveCfg = Debug|Any CPU
		{1112242E-FD86-4531-90A3-94B37D0131DA}.Debug|Any CPU.Build.0 = Debug|Any CPU
		{1112242E-FD86-4531-90A3-94B37D0131DA}.Release|Any CPU.ActiveCfg = Release|Any CPU
		{1112242E-FD86-4531-90A3-94B37D0131DA}.Release|Any CPU.Build.0 = Release|Any CPU
		{47F66FBF-F260-4B18-B05F-1512B27564A6}.Debug|Any CPU.ActiveCfg = Debug|Any CPU
		{47F66FBF-F260-4B18-B05F-1512B27564A6}.Debug|Any CPU.Build.0 = Debug|Any CPU
		{47F66FBF-F260-4B18-B05F-1512B27564A6}.Release|Any CPU.ActiveCfg = Release|Any CPU
		{47F66FBF-F260-4B18-B05F-1512B27564A6}.Release|Any CPU.Build.0 = Release|Any CPU
		{94679133-8D37-4168-8F40-E173D6354918}.Debug|Any CPU.ActiveCfg = Debug|Any CPU
		{94679133-8D37-4168-8F40-E173D6354918}.Debug|Any CPU.Build.0 = Debug|Any CPU
		{94679133-8D37-4168-8F40-E173D6354918}.Release|Any CPU.ActiveCfg = Release|Any CPU
		{94679133-8D37-4168-8F40-E173D6354918}.Release|Any CPU.Build.0 = Release|Any CPU
		{BC9FF9BC-330B-4736-BAF9-8A2EBB64F8EA}.Debug|Any CPU.ActiveCfg = Debug|Any CPU
		{BC9FF9BC-330B-4736-BAF9-8A2EBB64F8EA}.Debug|Any CPU.Build.0 = Debug|Any CPU
		{BC9FF9BC-330B-4736-BAF9-8A2EBB64F8EA}.Release|Any CPU.ActiveCfg = Release|Any CPU
		{BC9FF9BC-330B-4736-BAF9-8A2EBB64F8EA}.Release|Any CPU.Build.0 = Release|Any CPU
		{257F0347-4F29-4386-B2A2-DEBF947C6E41}.Debug|Any CPU.ActiveCfg = Debug|Any CPU
		{257F0347-4F29-4386-B2A2-DEBF947C6E41}.Debug|Any CPU.Build.0 = Debug|Any CPU
		{257F0347-4F29-4386-B2A2-DEBF947C6E41}.Release|Any CPU.ActiveCfg = Release|Any CPU
		{257F0347-4F29-4386-B2A2-DEBF947C6E41}.Release|Any CPU.Build.0 = Release|Any CPU
		{7B90253D-DF08-46DF-9385-81E5A452A94C}.Debug|Any CPU.ActiveCfg = Debug|Any CPU
		{7B90253D-DF08-46DF-9385-81E5A452A94C}.Debug|Any CPU.Build.0 = Debug|Any CPU
		{7B90253D-DF08-46DF-9385-81E5A452A94C}.Release|Any CPU.ActiveCfg = Release|Any CPU
		{7B90253D-DF08-46DF-9385-81E5A452A94C}.Release|Any CPU.Build.0 = Release|Any CPU
		{2C967F9C-7882-4C6A-A62A-9E74775C304B}.Debug|Any CPU.ActiveCfg = Debug|Any CPU
		{2C967F9C-7882-4C6A-A62A-9E74775C304B}.Debug|Any CPU.Build.0 = Debug|Any CPU
		{2C967F9C-7882-4C6A-A62A-9E74775C304B}.Release|Any CPU.ActiveCfg = Release|Any CPU
		{2C967F9C-7882-4C6A-A62A-9E74775C304B}.Release|Any CPU.Build.0 = Release|Any CPU
		{4F89D835-E4C0-409F-A54B-3551E0D99D82}.Debug|Any CPU.ActiveCfg = Debug|Any CPU
		{4F89D835-E4C0-409F-A54B-3551E0D99D82}.Debug|Any CPU.Build.0 = Debug|Any CPU
		{4F89D835-E4C0-409F-A54B-3551E0D99D82}.Release|Any CPU.ActiveCfg = Release|Any CPU
		{4F89D835-E4C0-409F-A54B-3551E0D99D82}.Release|Any CPU.Build.0 = Release|Any CPU
		{1681A643-EE1A-4F8E-96C1-17ABEF475C77}.Debug|Any CPU.ActiveCfg = Debug|Any CPU
		{1681A643-EE1A-4F8E-96C1-17ABEF475C77}.Debug|Any CPU.Build.0 = Debug|Any CPU
		{1681A643-EE1A-4F8E-96C1-17ABEF475C77}.Release|Any CPU.ActiveCfg = Release|Any CPU
		{1681A643-EE1A-4F8E-96C1-17ABEF475C77}.Release|Any CPU.Build.0 = Release|Any CPU
		{EBF29771-0205-48BD-9F2A-7789080377B0}.Debug|Any CPU.ActiveCfg = Debug|Any CPU
		{EBF29771-0205-48BD-9F2A-7789080377B0}.Debug|Any CPU.Build.0 = Debug|Any CPU
		{EBF29771-0205-48BD-9F2A-7789080377B0}.Release|Any CPU.ActiveCfg = Release|Any CPU
		{EBF29771-0205-48BD-9F2A-7789080377B0}.Release|Any CPU.Build.0 = Release|Any CPU
	EndGlobalSection
	GlobalSection(SolutionProperties) = preSolution
		HideSolutionNode = FALSE
	EndGlobalSection
	GlobalSection(NestedProjects) = preSolution
		{94679133-8D37-4168-8F40-E173D6354918} = {A7297998-6B45-4F85-AE6A-04C13F61F8B3}
		{257F0347-4F29-4386-B2A2-DEBF947C6E41} = {A7297998-6B45-4F85-AE6A-04C13F61F8B3}
		{4F89D835-E4C0-409F-A54B-3551E0D99D82} = {A7297998-6B45-4F85-AE6A-04C13F61F8B3}
		{1681A643-EE1A-4F8E-96C1-17ABEF475C77} = {A7297998-6B45-4F85-AE6A-04C13F61F8B3}
	EndGlobalSection
	GlobalSection(ExtensibilityGlobals) = postSolution
		SolutionGuid = {C1EFBC61-71DA-42E2-8302-96966E1771A3}
	EndGlobalSection
EndGlobal
